// !$*UTF8*$!
{
	archiveVersion = 1;
	classes = {
	};
	objectVersion = 46;
	objects = {

/* Begin PBXBuildFile section */
		D93752551B2927EA00B87731 /* AppDelegate.swift in Sources */ = {isa = PBXBuildFile; fileRef = D93752541B2927EA00B87731 /* AppDelegate.swift */; };
		D937525C1B2927EA00B87731 /* Images.xcassets in Resources */ = {isa = PBXBuildFile; fileRef = D937525B1B2927EA00B87731 /* Images.xcassets */; };
		D937525F1B2927EA00B87731 /* LaunchScreen.xib in Resources */ = {isa = PBXBuildFile; fileRef = D937525D1B2927EA00B87731 /* LaunchScreen.xib */; };
		D937526B1B2927EA00B87731 /* TableViewCellWithSwipeableButtonsTests.swift in Sources */ = {isa = PBXBuildFile; fileRef = D937526A1B2927EA00B87731 /* TableViewCellWithSwipeableButtonsTests.swift */; };
		D93752751B29281000B87731 /* HistoryViewController.swift in Sources */ = {isa = PBXBuildFile; fileRef = D93752741B29281000B87731 /* HistoryViewController.swift */; };
		D93752771B29281D00B87731 /* HistoryTableViewDataSource.swift in Sources */ = {isa = PBXBuildFile; fileRef = D93752761B29281D00B87731 /* HistoryTableViewDataSource.swift */; };
		D93752791B29282B00B87731 /* HistoryTableViewCell.swift in Sources */ = {isa = PBXBuildFile; fileRef = D93752781B29282B00B87731 /* HistoryTableViewCell.swift */; };
		D937527B1B292BE300B87731 /* MainViewController.swift in Sources */ = {isa = PBXBuildFile; fileRef = D937527A1B292BE300B87731 /* MainViewController.swift */; };
		D93752831B292D7B00B87731 /* UIKit.framework in Frameworks */ = {isa = PBXBuildFile; fileRef = D93752821B292D7B00B87731 /* UIKit.framework */; };
		D93752851B292DA100B87731 /* Foundation.framework in Frameworks */ = {isa = PBXBuildFile; fileRef = D93752841B292DA100B87731 /* Foundation.framework */; };
/* End PBXBuildFile section */

/* Begin PBXContainerItemProxy section */
		D93752651B2927EA00B87731 /* PBXContainerItemProxy */ = {
			isa = PBXContainerItemProxy;
			containerPortal = D93752471B2927EA00B87731 /* Project object */;
			proxyType = 1;
			remoteGlobalIDString = D937524E1B2927EA00B87731;
			remoteInfo = TableViewCellWithSwipeableButtons;
		};
/* End PBXContainerItemProxy section */

/* Begin PBXFileReference section */
		D937524F1B2927EA00B87731 /* TableViewCellWithSwipeableButtons.app */ = {isa = PBXFileReference; explicitFileType = wrapper.application; includeInIndex = 0; path = TableViewCellWithSwipeableButtons.app; sourceTree = BUILT_PRODUCTS_DIR; };
		D93752531B2927EA00B87731 /* Info.plist */ = {isa = PBXFileReference; lastKnownFileType = text.plist.xml; path = Info.plist; sourceTree = "<group>"; };
		D93752541B2927EA00B87731 /* AppDelegate.swift */ = {isa = PBXFileReference; lastKnownFileType = sourcecode.swift; path = AppDelegate.swift; sourceTree = "<group>"; };
		D937525B1B2927EA00B87731 /* Images.xcassets */ = {isa = PBXFileReference; lastKnownFileType = folder.assetcatalog; path = Images.xcassets; sourceTree = "<group>"; };
		D937525E1B2927EA00B87731 /* Base */ = {isa = PBXFileReference; lastKnownFileType = file.xib; name = Base; path = Base.lproj/LaunchScreen.xib; sourceTree = "<group>"; };
		D93752641B2927EA00B87731 /* TableViewCellWithSwipeableButtonsTests.xctest */ = {isa = PBXFileReference; explicitFileType = wrapper.cfbundle; includeInIndex = 0; path = TableViewCellWithSwipeableButtonsTests.xctest; sourceTree = BUILT_PRODUCTS_DIR; };
		D93752691B2927EA00B87731 /* Info.plist */ = {isa = PBXFileReference; lastKnownFileType = text.plist.xml; path = Info.plist; sourceTree = "<group>"; };
		D937526A1B2927EA00B87731 /* TableViewCellWithSwipeableButtonsTests.swift */ = {isa = PBXFileReference; lastKnownFileType = sourcecode.swift; path = TableViewCellWithSwipeableButtonsTests.swift; sourceTree = "<group>"; };
		D93752741B29281000B87731 /* HistoryViewController.swift */ = {isa = PBXFileReference; fileEncoding = 4; lastKnownFileType = sourcecode.swift; path = HistoryViewController.swift; sourceTree = "<group>"; };
		D93752761B29281D00B87731 /* HistoryTableViewDataSource.swift */ = {isa = PBXFileReference; fileEncoding = 4; lastKnownFileType = sourcecode.swift; path = HistoryTableViewDataSource.swift; sourceTree = "<group>"; };
		D93752781B29282B00B87731 /* HistoryTableViewCell.swift */ = {isa = PBXFileReference; fileEncoding = 4; lastKnownFileType = sourcecode.swift; path = HistoryTableViewCell.swift; sourceTree = "<group>"; };
		D937527A1B292BE300B87731 /* MainViewController.swift */ = {isa = PBXFileReference; fileEncoding = 4; lastKnownFileType = sourcecode.swift; path = MainViewController.swift; sourceTree = "<group>"; };
		D93752821B292D7B00B87731 /* UIKit.framework */ = {isa = PBXFileReference; lastKnownFileType = wrapper.framework; name = UIKit.framework; path = System/Library/Frameworks/UIKit.framework; sourceTree = SDKROOT; };
		D93752841B292DA100B87731 /* Foundation.framework */ = {isa = PBXFileReference; lastKnownFileType = wrapper.framework; name = Foundation.framework; path = System/Library/Frameworks/Foundation.framework; sourceTree = SDKROOT; };
/* End PBXFileReference section */

/* Begin PBXFrameworksBuildPhase section */
		D937524C1B2927EA00B87731 /* Frameworks */ = {
			isa = PBXFrameworksBuildPhase;
			buildActionMask = 2147483647;
			files = (
				D93752851B292DA100B87731 /* Foundation.framework in Frameworks */,
				D93752831B292D7B00B87731 /* UIKit.framework in Frameworks */,
			);
			runOnlyForDeploymentPostprocessing = 0;
		};
		D93752611B2927EA00B87731 /* Frameworks */ = {
			isa = PBXFrameworksBuildPhase;
			buildActionMask = 2147483647;
			files = (
			);
			runOnlyForDeploymentPostprocessing = 0;
		};
/* End PBXFrameworksBuildPhase section */

/* Begin PBXGroup section */
		D93752461B2927EA00B87731 = {
			isa = PBXGroup;
			children = (
				D93752511B2927EA00B87731 /* TableViewCellWithSwipeableButtons */,
				D93752671B2927EA00B87731 /* TableViewCellWithSwipeableButtonsTests */,
				D93752501B2927EA00B87731 /* Products */,
			);
			sourceTree = "<group>";
		};
		D93752501B2927EA00B87731 /* Products */ = {
			isa = PBXGroup;
			children = (
				D937524F1B2927EA00B87731 /* TableViewCellWithSwipeableButtons.app */,
				D93752641B2927EA00B87731 /* TableViewCellWithSwipeableButtonsTests.xctest */,
			);
			name = Products;
			sourceTree = "<group>";
		};
		D93752511B2927EA00B87731 /* TableViewCellWithSwipeableButtons */ = {
			isa = PBXGroup;
			children = (
				D93752841B292DA100B87731 /* Foundation.framework */,
				D93752821B292D7B00B87731 /* UIKit.framework */,
				D93752541B2927EA00B87731 /* AppDelegate.swift */,
				D937525B1B2927EA00B87731 /* Images.xcassets */,
				D937525D1B2927EA00B87731 /* LaunchScreen.xib */,
				D93752761B29281D00B87731 /* HistoryTableViewDataSource.swift */,
				D937527A1B292BE300B87731 /* MainViewController.swift */,
				D93752741B29281000B87731 /* HistoryViewController.swift */,
				D93752781B29282B00B87731 /* HistoryTableViewCell.swift */,
				D93752521B2927EA00B87731 /* Supporting Files */,
			);
			path = TableViewCellWithSwipeableButtons;
			sourceTree = "<group>";
		};
		D93752521B2927EA00B87731 /* Supporting Files */ = {
			isa = PBXGroup;
			children = (
				D93752531B2927EA00B87731 /* Info.plist */,
			);
			name = "Supporting Files";
			sourceTree = "<group>";
		};
		D93752671B2927EA00B87731 /* TableViewCellWithSwipeableButtonsTests */ = {
			isa = PBXGroup;
			children = (
				D937526A1B2927EA00B87731 /* TableViewCellWithSwipeableButtonsTests.swift */,
				D93752681B2927EA00B87731 /* Supporting Files */,
			);
			path = TableViewCellWithSwipeableButtonsTests;
			sourceTree = "<group>";
		};
		D93752681B2927EA00B87731 /* Supporting Files */ = {
			isa = PBXGroup;
			children = (
				D93752691B2927EA00B87731 /* Info.plist */,
			);
			name = "Supporting Files";
			sourceTree = "<group>";
		};
/* End PBXGroup section */

/* Begin PBXNativeTarget section */
		D937524E1B2927EA00B87731 /* TableViewCellWithSwipeableButtons */ = {
			isa = PBXNativeTarget;
			buildConfigurationList = D937526E1B2927EA00B87731 /* Build configuration list for PBXNativeTarget "TableViewCellWithSwipeableButtons" */;
			buildPhases = (
				D937524B1B2927EA00B87731 /* Sources */,
				D937524C1B2927EA00B87731 /* Frameworks */,
				D937524D1B2927EA00B87731 /* Resources */,
			);
			buildRules = (
			);
			dependencies = (
			);
			name = TableViewCellWithSwipeableButtons;
			productName = TableViewCellWithSwipeableButtons;
			productReference = D937524F1B2927EA00B87731 /* TableViewCellWithSwipeableButtons.app */;
			productType = "com.apple.product-type.application";
		};
		D93752631B2927EA00B87731 /* TableViewCellWithSwipeableButtonsTests */ = {
			isa = PBXNativeTarget;
			buildConfigurationList = D93752711B2927EA00B87731 /* Build configuration list for PBXNativeTarget "TableViewCellWithSwipeableButtonsTests" */;
			buildPhases = (
				D93752601B2927EA00B87731 /* Sources */,
				D93752611B2927EA00B87731 /* Frameworks */,
				D93752621B2927EA00B87731 /* Resources */,
			);
			buildRules = (
			);
			dependencies = (
				D93752661B2927EA00B87731 /* PBXTargetDependency */,
			);
			name = TableViewCellWithSwipeableButtonsTests;
			productName = TableViewCellWithSwipeableButtonsTests;
			productReference = D93752641B2927EA00B87731 /* TableViewCellWithSwipeableButtonsTests.xctest */;
			productType = "com.apple.product-type.bundle.unit-test";
		};
/* End PBXNativeTarget section */

/* Begin PBXProject section */
		D93752471B2927EA00B87731 /* Project object */ = {
			isa = PBXProject;
			attributes = {
				LastUpgradeCheck = 0630;
				ORGANIZATIONNAME = "Terry Bu";
				TargetAttributes = {
					D937524E1B2927EA00B87731 = {
						CreatedOnToolsVersion = 6.3.2;
					};
					D93752631B2927EA00B87731 = {
						CreatedOnToolsVersion = 6.3.2;
						TestTargetID = D937524E1B2927EA00B87731;
					};
				};
			};
			buildConfigurationList = D937524A1B2927EA00B87731 /* Build configuration list for PBXProject "TableViewCellWithSwipeableButtons" */;
			compatibilityVersion = "Xcode 3.2";
			developmentRegion = English;
			hasScannedForEncodings = 0;
			knownRegions = (
				en,
				Base,
			);
			mainGroup = D93752461B2927EA00B87731;
			productRefGroup = D93752501B2927EA00B87731 /* Products */;
			projectDirPath = "";
			projectRoot = "";
			targets = (
				D937524E1B2927EA00B87731 /* TableViewCellWithSwipeableButtons */,
				D93752631B2927EA00B87731 /* TableViewCellWithSwipeableButtonsTests */,
			);
		};
/* End PBXProject section */

/* Begin PBXResourcesBuildPhase section */
		D937524D1B2927EA00B87731 /* Resources */ = {
			isa = PBXResourcesBuildPhase;
			buildActionMask = 2147483647;
			files = (
				D937525F1B2927EA00B87731 /* LaunchScreen.xib in Resources */,
				D937525C1B2927EA00B87731 /* Images.xcassets in Resources */,
			);
			runOnlyForDeploymentPostprocessing = 0;
		};
		D93752621B2927EA00B87731 /* Resources */ = {
			isa = PBXResourcesBuildPhase;
			buildActionMask = 2147483647;
			files = (
			);
			runOnlyForDeploymentPostprocessing = 0;
		};
/* End PBXResourcesBuildPhase section */

/* Begin PBXSourcesBuildPhase section */
		D937524B1B2927EA00B87731 /* Sources */ = {
			isa = PBXSourcesBuildPhase;
			buildActionMask = 2147483647;
			files = (
				D93752751B29281000B87731 /* HistoryViewController.swift in Sources */,
				D93752771B29281D00B87731 /* HistoryTableViewDataSource.swift in Sources */,
				D93752551B2927EA00B87731 /* AppDelegate.swift in Sources */,
				D93752791B29282B00B87731 /* HistoryTableViewCell.swift in Sources */,
				D937527B1B292BE300B87731 /* MainViewController.swift in Sources */,
			);
			runOnlyForDeploymentPostprocessing = 0;
		};
		D93752601B2927EA00B87731 /* Sources */ = {
			isa = PBXSourcesBuildPhase;
			buildActionMask = 2147483647;
			files = (
				D937526B1B2927EA00B87731 /* TableViewCellWithSwipeableButtonsTests.swift in Sources */,
			);
			runOnlyForDeploymentPostprocessing = 0;
		};
/* End PBXSourcesBuildPhase section */

/* Begin PBXTargetDependency section */
		D93752661B2927EA00B87731 /* PBXTargetDependency */ = {
			isa = PBXTargetDependency;
			target = D937524E1B2927EA00B87731 /* TableViewCellWithSwipeableButtons */;
			targetProxy = D93752651B2927EA00B87731 /* PBXContainerItemProxy */;
		};
/* End PBXTargetDependency section */

/* Begin PBXVariantGroup section */
		D937525D1B2927EA00B87731 /* LaunchScreen.xib */ = {
			isa = PBXVariantGroup;
			children = (
				D937525E1B2927EA00B87731 /* Base */,
			);
			name = LaunchScreen.xib;
			sourceTree = "<group>";
		};
/* End PBXVariantGroup section */

/* Begin XCBuildConfiguration section */
		D937526C1B2927EA00B87731 /* Debug */ = {
			isa = XCBuildConfiguration;
			buildSettings = {
				ALWAYS_SEARCH_USER_PATHS = NO;
				CLANG_CXX_LANGUAGE_STANDARD = "gnu++0x";
				CLANG_CXX_LIBRARY = "libc++";
				CLANG_ENABLE_MODULES = YES;
				CLANG_ENABLE_OBJC_ARC = YES;
				CLANG_WARN_BOOL_CONVERSION = YES;
				CLANG_WARN_CONSTANT_CONVERSION = YES;
				CLANG_WARN_DIRECT_OBJC_ISA_USAGE = YES_ERROR;
				CLANG_WARN_EMPTY_BODY = YES;
				CLANG_WARN_ENUM_CONVERSION = YES;
				CLANG_WARN_INT_CONVERSION = YES;
				CLANG_WARN_OBJC_ROOT_CLASS = YES_ERROR;
				CLANG_WARN_UNREACHABLE_CODE = YES;
				CLANG_WARN__DUPLICATE_METHOD_MATCH = YES;
				"CODE_SIGN_IDENTITY[sdk=iphoneos*]" = "iPhone Developer";
				COPY_PHASE_STRIP = NO;
				DEBUG_INFORMATION_FORMAT = "dwarf-with-dsym";
				ENABLE_STRICT_OBJC_MSGSEND = YES;
				GCC_C_LANGUAGE_STANDARD = gnu99;
				GCC_DYNAMIC_NO_PIC = NO;
				GCC_NO_COMMON_BLOCKS = YES;
				GCC_OPTIMIZATION_LEVEL = 0;
				GCC_PREPROCESSOR_DEFINITIONS = (
					"DEBUG=1",
					"$(inherited)",
				);
				GCC_SYMBOLS_PRIVATE_EXTERN = NO;
				GCC_WARN_64_TO_32_BIT_CONVERSION = YES;
				GCC_WARN_ABOUT_RETURN_TYPE = YES_ERROR;
				GCC_WARN_UNDECLARED_SELECTOR = YES;
				GCC_WARN_UNINITIALIZED_AUTOS = YES_AGGRESSIVE;
				GCC_WARN_UNUSED_FUNCTION = YES;
				GCC_WARN_UNUSED_VARIABLE = YES;
				IPHONEOS_DEPLOYMENT_TARGET = 8.3;
				MTL_ENABLE_DEBUG_INFO = YES;
				ONLY_ACTIVE_ARCH = YES;
				SDKROOT = iphoneos;
				SWIFT_OPTIMIZATION_LEVEL = "-Onone";
				TARGETED_DEVICE_FAMILY = "1,2";
			};
			name = Debug;
		};
		D937526D1B2927EA00B87731 /* Release */ = {
			isa = XCBuildConfiguration;
			buildSettings = {
				ALWAYS_SEARCH_USER_PATHS = NO;
				CLANG_CXX_LANGUAGE_STANDARD = "gnu++0x";
				CLANG_CXX_LIBRARY = "libc++";
				CLANG_ENABLE_MODULES = YES;
				CLANG_ENABLE_OBJC_ARC = YES;
				CLANG_WARN_BOOL_CONVERSION = YES;
				CLANG_WARN_CONSTANT_CONVERSION = YES;
				CLANG_WARN_DIRECT_OBJC_ISA_USAGE = YES_ERROR;
				CLANG_WARN_EMPTY_BODY = YES;
				CLANG_WARN_ENUM_CONVERSION = YES;
				CLANG_WARN_INT_CONVERSION = YES;
				CLANG_WARN_OBJC_ROOT_CLASS = YES_ERROR;
				CLANG_WARN_UNREACHABLE_CODE = YES;
				CLANG_WARN__DUPLICATE_METHOD_MATCH = YES;
				"CODE_SIGN_IDENTITY[sdk=iphoneos*]" = "iPhone Developer";
				COPY_PHASE_STRIP = NO;
				DEBUG_INFORMATION_FORMAT = "dwarf-with-dsym";
				ENABLE_NS_ASSERTIONS = NO;
				ENABLE_STRICT_OBJC_MSGSEND = YES;
				GCC_C_LANGUAGE_STANDARD = gnu99;
				GCC_NO_COMMON_BLOCKS = YES;
				GCC_WARN_64_TO_32_BIT_CONVERSION = YES;
				GCC_WARN_ABOUT_RETURN_TYPE = YES_ERROR;
				GCC_WARN_UNDECLARED_SELECTOR = YES;
				GCC_WARN_UNINITIALIZED_AUTOS = YES_AGGRESSIVE;
				GCC_WARN_UNUSED_FUNCTION = YES;
				GCC_WARN_UNUSED_VARIABLE = YES;
				IPHONEOS_DEPLOYMENT_TARGET = 8.3;
				MTL_ENABLE_DEBUG_INFO = NO;
				SDKROOT = iphoneos;
				TARGETED_DEVICE_FAMILY = "1,2";
				VALIDATE_PRODUCT = YES;
			};
			name = Release;
		};
		D937526F1B2927EA00B87731 /* Debug */ = {
			isa = XCBuildConfiguration;
			buildSettings = {
				ASSETCATALOG_COMPILER_APPICON_NAME = AppIcon;
				INFOPLIST_FILE = TableViewCellWithSwipeableButtons/Info.plist;
				LD_RUNPATH_SEARCH_PATHS = "$(inherited) @executable_path/Frameworks";
				PRODUCT_NAME = "$(TARGET_NAME)";
			};
			name = Debug;
		};
		D93752701B2927EA00B87731 /* Release */ = {
			isa = XCBuildConfiguration;
			buildSettings = {
				ASSETCATALOG_COMPILER_APPICON_NAME = AppIcon;
				INFOPLIST_FILE = TableViewCellWithSwipeableButtons/Info.plist;
				LD_RUNPATH_SEARCH_PATHS = "$(inherited) @executable_path/Frameworks";
				PRODUCT_NAME = "$(TARGET_NAME)";
			};
			name = Release;
		};
		D93752721B2927EA00B87731 /* Debug */ = {
			isa = XCBuildConfiguration;
			buildSettings = {
				BUNDLE_LOADER = "$(TEST_HOST)";
				FRAMEWORK_SEARCH_PATHS = (
					"$(SDKROOT)/Developer/Library/Frameworks",
					"$(inherited)",
				);
				GCC_PREPROCESSOR_DEFINITIONS = (
					"DEBUG=1",
					"$(inherited)",
				);
				INFOPLIST_FILE = TableViewCellWithSwipeableButtonsTests/Info.plist;
				LD_RUNPATH_SEARCH_PATHS = "$(inherited) @executable_path/Frameworks @loader_path/Frameworks";
				PRODUCT_NAME = "$(TARGET_NAME)";
				TEST_HOST = "$(BUILT_PRODUCTS_DIR)/TableViewCellWithSwipeableButtons.app/TableViewCellWithSwipeableButtons";
			};
			name = Debug;
		};
		D93752731B2927EA00B87731 /* Release */ = {
			isa = XCBuildConfiguration;
			buildSettings = {
				BUNDLE_LOADER = "$(TEST_HOST)";
				FRAMEWORK_SEARCH_PATHS = (
					"$(SDKROOT)/Developer/Library/Frameworks",
					"$(inherited)",
				);
				INFOPLIST_FILE = TableViewCellWithSwipeableButtonsTests/Info.plist;
				LD_RUNPATH_SEARCH_PATHS = "$(inherited) @executable_path/Frameworks @loader_path/Frameworks";
				PRODUCT_NAME = "$(TARGET_NAME)";
				TEST_HOST = "$(BUILT_PRODUCTS_DIR)/TableViewCellWithSwipeableButtons.app/TableViewCellWithSwipeableButtons";
			};
			name = Release;
		};
/* End XCBuildConfiguration section */

/* Begin XCConfigurationList section */
		D937524A1B2927EA00B87731 /* Build configuration list for PBXProject "TableViewCellWithSwipeableButtons" */ = {
			isa = XCConfigurationList;
			buildConfigurations = (
				D937526C1B2927EA00B87731 /* Debug */,
				D937526D1B2927EA00B87731 /* Release */,
			);
			defaultConfigurationIsVisible = 0;
			defaultConfigurationName = Release;
		};
		D937526E1B2927EA00B87731 /* Build configuration list for PBXNativeTarget "TableViewCellWithSwipeableButtons" */ = {
			isa = XCConfigurationList;
			buildConfigurations = (
				D937526F1B2927EA00B87731 /* Debug */,
				D93752701B2927EA00B87731 /* Release */,
			);
			defaultConfigurationIsVisible = 0;
		};
		D93752711B2927EA00B87731 /* Build configuration list for PBXNativeTarget "TableViewCellWithSwipeableButtonsTests" */ = {
			isa = XCConfigurationList;
			buildConfigurations = (
				D93752721B2927EA00B87731 /* Debug */,
				D93752731B2927EA00B87731 /* Release */,
			);
			defaultConfigurationIsVisible = 0;
		};
/* End XCConfigurationList section */
	};
	rootObject = D93752471B2927EA00B87731 /* Project object */;
}
