// !$*UTF8*$!
{
	archiveVersion = 1;
	classes = {
	};
	objectVersion = 46;
	objects = {

/* Begin PBXBuildFile section */
		D925D7471AFD537700901967 /* AppDelegate.swift in Sources */ = {isa = PBXBuildFile; fileRef = D925D7461AFD537700901967 /* AppDelegate.swift */; };
		D925D7491AFD537700901967 /* ViewController.swift in Sources */ = {isa = PBXBuildFile; fileRef = D925D7481AFD537700901967 /* ViewController.swift */; };
		D925D74C1AFD537700901967 /* Main.storyboard in Resources */ = {isa = PBXBuildFile; fileRef = D925D74A1AFD537700901967 /* Main.storyboard */; };
		D925D74E1AFD537700901967 /* Images.xcassets in Resources */ = {isa = PBXBuildFile; fileRef = D925D74D1AFD537700901967 /* Images.xcassets */; };
		D925D7511AFD537700901967 /* LaunchScreen.xib in Resources */ = {isa = PBXBuildFile; fileRef = D925D74F1AFD537700901967 /* LaunchScreen.xib */; };
		D925D75D1AFD537700901967 /* PlayWithSwiftTests.swift in Sources */ = {isa = PBXBuildFile; fileRef = D925D75C1AFD537700901967 /* PlayWithSwiftTests.swift */; };
/* End PBXBuildFile section */

/* Begin PBXContainerItemProxy section */
		D925D7571AFD537700901967 /* PBXContainerItemProxy */ = {
			isa = PBXContainerItemProxy;
			containerPortal = D925D7391AFD537600901967 /* Project object */;
			proxyType = 1;
			remoteGlobalIDString = D925D7401AFD537700901967;
			remoteInfo = PlayWithSwift;
		};
/* End PBXContainerItemProxy section */

/* Begin PBXFileReference section */
		D925D7411AFD537700901967 /* PlayWithSwift.app */ = {isa = PBXFileReference; explicitFileType = wrapper.application; includeInIndex = 0; path = PlayWithSwift.app; sourceTree = BUILT_PRODUCTS_DIR; };
		D925D7451AFD537700901967 /* Info.plist */ = {isa = PBXFileReference; lastKnownFileType = text.plist.xml; path = Info.plist; sourceTree = "<group>"; };
		D925D7461AFD537700901967 /* AppDelegate.swift */ = {isa = PBXFileReference; lastKnownFileType = sourcecode.swift; path = AppDelegate.swift; sourceTree = "<group>"; };
		D925D7481AFD537700901967 /* ViewController.swift */ = {isa = PBXFileReference; lastKnownFileType = sourcecode.swift; path = ViewController.swift; sourceTree = "<group>"; };
		D925D74B1AFD537700901967 /* Base */ = {isa = PBXFileReference; lastKnownFileType = file.storyboard; name = Base; path = Base.lproj/Main.storyboard; sourceTree = "<group>"; };
		D925D74D1AFD537700901967 /* Images.xcassets */ = {isa = PBXFileReference; lastKnownFileType = folder.assetcatalog; path = Images.xcassets; sourceTree = "<group>"; };
		D925D7501AFD537700901967 /* Base */ = {isa = PBXFileReference; lastKnownFileType = file.xib; name = Base; path = Base.lproj/LaunchScreen.xib; sourceTree = "<group>"; };
		D925D7561AFD537700901967 /* PlayWithSwiftTests.xctest */ = {isa = PBXFileReference; explicitFileType = wrapper.cfbundle; includeInIndex = 0; path = PlayWithSwiftTests.xctest; sourceTree = BUILT_PRODUCTS_DIR; };
		D925D75B1AFD537700901967 /* Info.plist */ = {isa = PBXFileReference; lastKnownFileType = text.plist.xml; path = Info.plist; sourceTree = "<group>"; };
		D925D75C1AFD537700901967 /* PlayWithSwiftTests.swift */ = {isa = PBXFileReference; lastKnownFileType = sourcecode.swift; path = PlayWithSwiftTests.swift; sourceTree = "<group>"; };
/* End PBXFileReference section */

/* Begin PBXFrameworksBuildPhase section */
		D925D73E1AFD537700901967 /* Frameworks */ = {
			isa = PBXFrameworksBuildPhase;
			buildActionMask = 2147483647;
			files = (
			);
			runOnlyForDeploymentPostprocessing = 0;
		};
		D925D7531AFD537700901967 /* Frameworks */ = {
			isa = PBXFrameworksBuildPhase;
			buildActionMask = 2147483647;
			files = (
			);
			runOnlyForDeploymentPostprocessing = 0;
		};
/* End PBXFrameworksBuildPhase section */

/* Begin PBXGroup section */
		D925D7381AFD537600901967 = {
			isa = PBXGroup;
			children = (
				D925D7431AFD537700901967 /* PlayWithSwift */,
				D925D7591AFD537700901967 /* PlayWithSwiftTests */,
				D925D7421AFD537700901967 /* Products */,
			);
			sourceTree = "<group>";
		};
		D925D7421AFD537700901967 /* Products */ = {
			isa = PBXGroup;
			children = (
				D925D7411AFD537700901967 /* PlayWithSwift.app */,
				D925D7561AFD537700901967 /* PlayWithSwiftTests.xctest */,
			);
			name = Products;
			sourceTree = "<group>";
		};
		D925D7431AFD537700901967 /* PlayWithSwift */ = {
			isa = PBXGroup;
			children = (
				D925D7461AFD537700901967 /* AppDelegate.swift */,
				D925D7481AFD537700901967 /* ViewController.swift */,
				D925D74A1AFD537700901967 /* Main.storyboard */,
				D925D74D1AFD537700901967 /* Images.xcassets */,
				D925D74F1AFD537700901967 /* LaunchScreen.xib */,
				D925D7441AFD537700901967 /* Supporting Files */,
			);
			path = PlayWithSwift;
			sourceTree = "<group>";
		};
		D925D7441AFD537700901967 /* Supporting Files */ = {
			isa = PBXGroup;
			children = (
				D925D7451AFD537700901967 /* Info.plist */,
			);
			name = "Supporting Files";
			sourceTree = "<group>";
		};
		D925D7591AFD537700901967 /* PlayWithSwiftTests */ = {
			isa = PBXGroup;
			children = (
				D925D75C1AFD537700901967 /* PlayWithSwiftTests.swift */,
				D925D75A1AFD537700901967 /* Supporting Files */,
			);
			path = PlayWithSwiftTests;
			sourceTree = "<group>";
		};
		D925D75A1AFD537700901967 /* Supporting Files */ = {
			isa = PBXGroup;
			children = (
				D925D75B1AFD537700901967 /* Info.plist */,
			);
			name = "Supporting Files";
			sourceTree = "<group>";
		};
/* End PBXGroup section */

/* Begin PBXNativeTarget section */
		D925D7401AFD537700901967 /* PlayWithSwift */ = {
			isa = PBXNativeTarget;
			buildConfigurationList = D925D7601AFD537700901967 /* Build configuration list for PBXNativeTarget "PlayWithSwift" */;
			buildPhases = (
				D925D73D1AFD537700901967 /* Sources */,
				D925D73E1AFD537700901967 /* Frameworks */,
				D925D73F1AFD537700901967 /* Resources */,
			);
			buildRules = (
			);
			dependencies = (
			);
			name = PlayWithSwift;
			productName = PlayWithSwift;
			productReference = D925D7411AFD537700901967 /* PlayWithSwift.app */;
			productType = "com.apple.product-type.application";
		};
		D925D7551AFD537700901967 /* PlayWithSwiftTests */ = {
			isa = PBXNativeTarget;
			buildConfigurationList = D925D7631AFD537700901967 /* Build configuration list for PBXNativeTarget "PlayWithSwiftTests" */;
			buildPhases = (
				D925D7521AFD537700901967 /* Sources */,
				D925D7531AFD537700901967 /* Frameworks */,
				D925D7541AFD537700901967 /* Resources */,
			);
			buildRules = (
			);
			dependencies = (
				D925D7581AFD537700901967 /* PBXTargetDependency */,
			);
			name = PlayWithSwiftTests;
			productName = PlayWithSwiftTests;
			productReference = D925D7561AFD537700901967 /* PlayWithSwiftTests.xctest */;
			productType = "com.apple.product-type.bundle.unit-test";
		};
/* End PBXNativeTarget section */

/* Begin PBXProject section */
		D925D7391AFD537600901967 /* Project object */ = {
			isa = PBXProject;
			attributes = {
				LastUpgradeCheck = 0630;
				ORGANIZATIONNAME = "Terry Bu";
				TargetAttributes = {
					D925D7401AFD537700901967 = {
						CreatedOnToolsVersion = 6.3.1;
					};
					D925D7551AFD537700901967 = {
						CreatedOnToolsVersion = 6.3.1;
						TestTargetID = D925D7401AFD537700901967;
					};
				};
			};
			buildConfigurationList = D925D73C1AFD537600901967 /* Build configuration list for PBXProject "PlayWithSwift" */;
			compatibilityVersion = "Xcode 3.2";
			developmentRegion = English;
			hasScannedForEncodings = 0;
			knownRegions = (
				en,
				Base,
			);
			mainGroup = D925D7381AFD537600901967;
			productRefGroup = D925D7421AFD537700901967 /* Products */;
			projectDirPath = "";
			projectRoot = "";
			targets = (
				D925D7401AFD537700901967 /* PlayWithSwift */,
				D925D7551AFD537700901967 /* PlayWithSwiftTests */,
			);
		};
/* End PBXProject section */

/* Begin PBXResourcesBuildPhase section */
		D925D73F1AFD537700901967 /* Resources */ = {
			isa = PBXResourcesBuildPhase;
			buildActionMask = 2147483647;
			files = (
				D925D74C1AFD537700901967 /* Main.storyboard in Resources */,
				D925D7511AFD537700901967 /* LaunchScreen.xib in Resources */,
				D925D74E1AFD537700901967 /* Images.xcassets in Resources */,
			);
			runOnlyForDeploymentPostprocessing = 0;
		};
		D925D7541AFD537700901967 /* Resources */ = {
			isa = PBXResourcesBuildPhase;
			buildActionMask = 2147483647;
			files = (
			);
			runOnlyForDeploymentPostprocessing = 0;
		};
/* End PBXResourcesBuildPhase section */

/* Begin PBXSourcesBuildPhase section */
		D925D73D1AFD537700901967 /* Sources */ = {
			isa = PBXSourcesBuildPhase;
			buildActionMask = 2147483647;
			files = (
				D925D7491AFD537700901967 /* ViewController.swift in Sources */,
				D925D7471AFD537700901967 /* AppDelegate.swift in Sources */,
			);
			runOnlyForDeploymentPostprocessing = 0;
		};
		D925D7521AFD537700901967 /* Sources */ = {
			isa = PBXSourcesBuildPhase;
			buildActionMask = 2147483647;
			files = (
				D925D75D1AFD537700901967 /* PlayWithSwiftTests.swift in Sources */,
			);
			runOnlyForDeploymentPostprocessing = 0;
		};
/* End PBXSourcesBuildPhase section */

/* Begin PBXTargetDependency section */
		D925D7581AFD537700901967 /* PBXTargetDependency */ = {
			isa = PBXTargetDependency;
			target = D925D7401AFD537700901967 /* PlayWithSwift */;
			targetProxy = D925D7571AFD537700901967 /* PBXContainerItemProxy */;
		};
/* End PBXTargetDependency section */

/* Begin PBXVariantGroup section */
		D925D74A1AFD537700901967 /* Main.storyboard */ = {
			isa = PBXVariantGroup;
			children = (
				D925D74B1AFD537700901967 /* Base */,
			);
			name = Main.storyboard;
			sourceTree = "<group>";
		};
		D925D74F1AFD537700901967 /* LaunchScreen.xib */ = {
			isa = PBXVariantGroup;
			children = (
				D925D7501AFD537700901967 /* Base */,
			);
			name = LaunchScreen.xib;
			sourceTree = "<group>";
		};
/* End PBXVariantGroup section */

/* Begin XCBuildConfiguration section */
		D925D75E1AFD537700901967 /* Debug */ = {
			isa = XCBuildConfiguration;
			buildSettings = {
				ALWAYS_SEARCH_USER_PATHS = NO;
				CLANG_CXX_LANGUAGE_STANDARD = "gnu++0x";
				CLANG_CXX_LIBRARY = "libc++";
				CLANG_ENABLE_MODULES = YES;
				CLANG_ENABLE_OBJC_ARC = YES;
				CLANG_WARN_BOOL_CONVERSION = YES;
				CLANG_WARN_CONSTANT_CONVERSION = YES;
				CLANG_WARN_DIRECT_OBJC_ISA_USAGE = YES_ERROR;
				CLANG_WARN_EMPTY_BODY = YES;
				CLANG_WARN_ENUM_CONVERSION = YES;
				CLANG_WARN_INT_CONVERSION = YES;
				CLANG_WARN_OBJC_ROOT_CLASS = YES_ERROR;
				CLANG_WARN_UNREACHABLE_CODE = YES;
				CLANG_WARN__DUPLICATE_METHOD_MATCH = YES;
				"CODE_SIGN_IDENTITY[sdk=iphoneos*]" = "iPhone Developer";
				COPY_PHASE_STRIP = NO;
				DEBUG_INFORMATION_FORMAT = "dwarf-with-dsym";
				ENABLE_STRICT_OBJC_MSGSEND = YES;
				GCC_C_LANGUAGE_STANDARD = gnu99;
				GCC_DYNAMIC_NO_PIC = NO;
				GCC_NO_COMMON_BLOCKS = YES;
				GCC_OPTIMIZATION_LEVEL = 0;
				GCC_PREPROCESSOR_DEFINITIONS = (
					"DEBUG=1",
					"$(inherited)",
				);
				GCC_SYMBOLS_PRIVATE_EXTERN = NO;
				GCC_WARN_64_TO_32_BIT_CONVERSION = YES;
				GCC_WARN_ABOUT_RETURN_TYPE = YES_ERROR;
				GCC_WARN_UNDECLARED_SELECTOR = YES;
				GCC_WARN_UNINITIALIZED_AUTOS = YES_AGGRESSIVE;
				GCC_WARN_UNUSED_FUNCTION = YES;
				GCC_WARN_UNUSED_VARIABLE = YES;
				IPHONEOS_DEPLOYMENT_TARGET = 8.3;
				MTL_ENABLE_DEBUG_INFO = YES;
				ONLY_ACTIVE_ARCH = YES;
				SDKROOT = iphoneos;
				SWIFT_OPTIMIZATION_LEVEL = "-Onone";
				TARGETED_DEVICE_FAMILY = "1,2";
			};
			name = Debug;
		};
		D925D75F1AFD537700901967 /* Release */ = {
			isa = XCBuildConfiguration;
			buildSettings = {
				ALWAYS_SEARCH_USER_PATHS = NO;
				CLANG_CXX_LANGUAGE_STANDARD = "gnu++0x";
				CLANG_CXX_LIBRARY = "libc++";
				CLANG_ENABLE_MODULES = YES;
				CLANG_ENABLE_OBJC_ARC = YES;
				CLANG_WARN_BOOL_CONVERSION = YES;
				CLANG_WARN_CONSTANT_CONVERSION = YES;
				CLANG_WARN_DIRECT_OBJC_ISA_USAGE = YES_ERROR;
				CLANG_WARN_EMPTY_BODY = YES;
				CLANG_WARN_ENUM_CONVERSION = YES;
				CLANG_WARN_INT_CONVERSION = YES;
				CLANG_WARN_OBJC_ROOT_CLASS = YES_ERROR;
				CLANG_WARN_UNREACHABLE_CODE = YES;
				CLANG_WARN__DUPLICATE_METHOD_MATCH = YES;
				"CODE_SIGN_IDENTITY[sdk=iphoneos*]" = "iPhone Developer";
				COPY_PHASE_STRIP = NO;
				DEBUG_INFORMATION_FORMAT = "dwarf-with-dsym";
				ENABLE_NS_ASSERTIONS = NO;
				ENABLE_STRICT_OBJC_MSGSEND = YES;
				GCC_C_LANGUAGE_STANDARD = gnu99;
				GCC_NO_COMMON_BLOCKS = YES;
				GCC_WARN_64_TO_32_BIT_CONVERSION = YES;
				GCC_WARN_ABOUT_RETURN_TYPE = YES_ERROR;
				GCC_WARN_UNDECLARED_SELECTOR = YES;
				GCC_WARN_UNINITIALIZED_AUTOS = YES_AGGRESSIVE;
				GCC_WARN_UNUSED_FUNCTION = YES;
				GCC_WARN_UNUSED_VARIABLE = YES;
				IPHONEOS_DEPLOYMENT_TARGET = 8.3;
				MTL_ENABLE_DEBUG_INFO = NO;
				SDKROOT = iphoneos;
				TARGETED_DEVICE_FAMILY = "1,2";
				VALIDATE_PRODUCT = YES;
			};
			name = Release;
		};
		D925D7611AFD537700901967 /* Debug */ = {
			isa = XCBuildConfiguration;
			buildSettings = {
				ASSETCATALOG_COMPILER_APPICON_NAME = AppIcon;
				INFOPLIST_FILE = PlayWithSwift/Info.plist;
				LD_RUNPATH_SEARCH_PATHS = "$(inherited) @executable_path/Frameworks";
				PRODUCT_NAME = "$(TARGET_NAME)";
			};
			name = Debug;
		};
		D925D7621AFD537700901967 /* Release */ = {
			isa = XCBuildConfiguration;
			buildSettings = {
				ASSETCATALOG_COMPILER_APPICON_NAME = AppIcon;
				INFOPLIST_FILE = PlayWithSwift/Info.plist;
				LD_RUNPATH_SEARCH_PATHS = "$(inherited) @executable_path/Frameworks";
				PRODUCT_NAME = "$(TARGET_NAME)";
			};
			name = Release;
		};
		D925D7641AFD537700901967 /* Debug */ = {
			isa = XCBuildConfiguration;
			buildSettings = {
				BUNDLE_LOADER = "$(TEST_HOST)";
				FRAMEWORK_SEARCH_PATHS = (
					"$(SDKROOT)/Developer/Library/Frameworks",
					"$(inherited)",
				);
				GCC_PREPROCESSOR_DEFINITIONS = (
					"DEBUG=1",
					"$(inherited)",
				);
				INFOPLIST_FILE = PlayWithSwiftTests/Info.plist;
				LD_RUNPATH_SEARCH_PATHS = "$(inherited) @executable_path/Frameworks @loader_path/Frameworks";
				PRODUCT_NAME = "$(TARGET_NAME)";
				TEST_HOST = "$(BUILT_PRODUCTS_DIR)/PlayWithSwift.app/PlayWithSwift";
			};
			name = Debug;
		};
		D925D7651AFD537700901967 /* Release */ = {
			isa = XCBuildConfiguration;
			buildSettings = {
				BUNDLE_LOADER = "$(TEST_HOST)";
				FRAMEWORK_SEARCH_PATHS = (
					"$(SDKROOT)/Developer/Library/Frameworks",
					"$(inherited)",
				);
				INFOPLIST_FILE = PlayWithSwiftTests/Info.plist;
				LD_RUNPATH_SEARCH_PATHS = "$(inherited) @executable_path/Frameworks @loader_path/Frameworks";
				PRODUCT_NAME = "$(TARGET_NAME)";
				TEST_HOST = "$(BUILT_PRODUCTS_DIR)/PlayWithSwift.app/PlayWithSwift";
			};
			name = Release;
		};
/* End XCBuildConfiguration section */

/* Begin XCConfigurationList section */
		D925D73C1AFD537600901967 /* Build configuration list for PBXProject "PlayWithSwift" */ = {
			isa = XCConfigurationList;
			buildConfigurations = (
				D925D75E1AFD537700901967 /* Debug */,
				D925D75F1AFD537700901967 /* Release */,
			);
			defaultConfigurationIsVisible = 0;
			defaultConfigurationName = Release;
		};
		D925D7601AFD537700901967 /* Build configuration list for PBXNativeTarget "PlayWithSwift" */ = {
			isa = XCConfigurationList;
			buildConfigurations = (
				D925D7611AFD537700901967 /* Debug */,
				D925D7621AFD537700901967 /* Release */,
			);
			defaultConfigurationIsVisible = 0;
		};
		D925D7631AFD537700901967 /* Build configuration list for PBXNativeTarget "PlayWithSwiftTests" */ = {
			isa = XCConfigurationList;
			buildConfigurations = (
				D925D7641AFD537700901967 /* Debug */,
				D925D7651AFD537700901967 /* Release */,
			);
			defaultConfigurationIsVisible = 0;
		};
/* End XCConfigurationList section */
	};
	rootObject = D925D7391AFD537600901967 /* Project object */;
}
